
Microsoft Visual Studio Solution File, Format Version 12.00
# Visual Studio Version 17
VisualStudioVersion = 17.0.31903.59
MinimumVisualStudioVersion = 10.0.40219.1
Project("{2150E333-8FDC-42A3-9474-1A3956D46DE8}") = "src", "src", "{5C4E9AC3-9122-4543-9314-C7B6E8C4F251}"
EndProject
Project("{2150E333-8FDC-42A3-9474-1A3956D46DE8}") = "Apps", "Apps", "{C7378A11-AA37-44BE-904B-3A3A45A38D5E}"
EndProject
Project("{FAE04EC0-301F-11D3-BF4B-00C04F79EFBC}") = "CriGes.Desktop", "src\Apps\CriGes.Desktop\CriGes.Desktop.csproj", "{BA0265FA-D718-4CB4-87D6-BA291B5B68FA}"
EndProject
Project("{FAE04EC0-301F-11D3-BF4B-00C04F79EFBC}") = "CriGes.Api", "src\Apps\CriGes.Api\CriGes.Api.csproj", "{B6917129-DD19-4AF3-B35E-2C7667AB5EA8}"
EndProject
Project("{FAE04EC0-301F-11D3-BF4B-00C04F79EFBC}") = "CriGes.Worker", "src\Apps\CriGes.Worker\CriGes.Worker.csproj", "{873BB5A2-4E11-4CC6-9FC4-9C348AFF951E}"
EndProject
Project("{2150E333-8FDC-42A3-9474-1A3956D46DE8}") = "Tools", "Tools", "{30E03186-4B9E-483D-9D67-A6DC678854DD}"
EndProject
Project("{FAE04EC0-301F-11D3-BF4B-00C04F79EFBC}") = "CriGes.DbMigrator", "src\Tools\CriGes.DbMigrator\CriGes.DbMigrator.csproj", "{A743EC44-15ED-4E3C-B556-9856EC680DFE}"
EndProject
Project("{2150E333-8FDC-42A3-9474-1A3956D46DE8}") = "BuildingBlocks", "BuildingBlocks", "{FE67838F-1A36-479C-AA00-0E25E646856C}"
EndProject
Project("{FAE04EC0-301F-11D3-BF4B-00C04F79EFBC}") = "CriGes.SharedKernel", "src\BuildingBlocks\CriGes.SharedKernel\CriGes.SharedKernel.csproj", "{80563CD2-1985-4DB5-A93B-2F1B3B5CC547}"
EndProject
Project("{FAE04EC0-301F-11D3-BF4B-00C04F79EFBC}") = "CriGes.Application.Abstractions", "src\BuildingBlocks\CriGes.Application.Abstractions\CriGes.Application.Abstractions.csproj", "{5E122790-5D39-456E-BDD1-997C538D3CA1}"
EndProject
Project("{FAE04EC0-301F-11D3-BF4B-00C04F79EFBC}") = "CriGes.Infrastructure", "src\BuildingBlocks\CriGes.Infrastructure\CriGes.Infrastructure.csproj", "{ADA42FAF-596B-4240-9672-EB48F48AE0DA}"
EndProject
Project("{FAE04EC0-301F-11D3-BF4B-00C04F79EFBC}") = "CriGes.Contracts", "src\BuildingBlocks\CriGes.Contracts\CriGes.Contracts.csproj", "{2472691A-A689-4F4F-B81F-8940981BBBD3}"
EndProject
Project("{2150E333-8FDC-42A3-9474-1A3956D46DE8}") = "Modules", "Modules", "{E54C2875-4D5B-43F2-9AD7-75A527902E8E}"
EndProject
Project("{2150E333-8FDC-42A3-9474-1A3956D46DE8}") = "Platform", "Platform", "{1B0DF981-3776-49F4-9419-D8EA00713B8D}"
EndProject
Project("{FAE04EC0-301F-11D3-BF4B-00C04F79EFBC}") = "CriGes.Modules.Platform.Domain", "src\Modules\Platform\CriGes.Modules.Platform.Domain\CriGes.Modules.Platform.Domain.csproj", "{F6BBC9DB-79F3-4230-8135-7BC7D8FED188}"
EndProject
Project("{FAE04EC0-301F-11D3-BF4B-00C04F79EFBC}") = "CriGes.Modules.Platform.Application", "src\Modules\Platform\CriGes.Modules.Platform.Application\CriGes.Modules.Platform.Application.csproj", "{5A2C80D2-89AA-443E-A48E-7D641975FE5A}"
EndProject
Project("{FAE04EC0-301F-11D3-BF4B-00C04F79EFBC}") = "CriGes.Modules.Platform.Infrastructure", "src\Modules\Platform\CriGes.Modules.Platform.Infrastructure\CriGes.Modules.Platform.Infrastructure.csproj", "{9018BC32-DDB7-4C6B-9FEC-27AC88AC4147}"
EndProject
Project("{FAE04EC0-301F-11D3-BF4B-00C04F79EFBC}") = "CriGes.Modules.Platform.Contracts", "src\Modules\Platform\CriGes.Modules.Platform.Contracts\CriGes.Modules.Platform.Contracts.csproj", "{903DD705-E2D6-4141-9A58-A453D6D67679}"
EndProject
Project("{FAE04EC0-301F-11D3-BF4B-00C04F79EFBC}") = "CriGes.Modules.Platform.Api", "src\Modules\Platform\CriGes.Modules.Platform.Api\CriGes.Modules.Platform.Api.csproj", "{48BFCCFB-676A-4F9B-A9FD-07FEB9D395AF}"
EndProject
Project("{2150E333-8FDC-42A3-9474-1A3956D46DE8}") = "tests", "tests", "{B371699B-3683-40EE-9B18-DC99ACDA10D0}"
EndProject
Project("{2150E333-8FDC-42A3-9474-1A3956D46DE8}") = "Architecture", "Architecture", "{8521B7C6-84C6-45E4-8D0A-EE897889FACB}"
EndProject
Project("{FAE04EC0-301F-11D3-BF4B-00C04F79EFBC}") = "CriGes.ArchitectureTests", "tests\Architecture\CriGes.ArchitectureTests\CriGes.ArchitectureTests.csproj", "{F2A12DE7-DCB5-453B-B7B5-8D7297DE2200}"
EndProject
Project("{2150E333-8FDC-42A3-9474-1A3956D46DE8}") = "BuildingBlocks", "BuildingBlocks", "{B983BF3F-48EE-4C00-9FD9-F55D0031829D}"
EndProject
Project("{FAE04EC0-301F-11D3-BF4B-00C04F79EFBC}") = "CriGes.SharedKernel.Tests", "tests\BuildingBlocks\CriGes.SharedKernel.Tests\CriGes.SharedKernel.Tests.csproj", "{035E9568-05A4-4FC9-B66A-95F7B2FACF31}"
EndProject
Project("{2150E333-8FDC-42A3-9474-1A3956D46DE8}") = "Platform", "Platform", "{52A4033A-F520-4E3B-8232-CAF950D3633A}"
EndProject
Project("{FAE04EC0-301F-11D3-BF4B-00C04F79EFBC}") = "CriGes.Modules.Platform.Domain.Tests", "tests\Platform\CriGes.Modules.Platform.Domain.Tests\CriGes.Modules.Platform.Domain.Tests.csproj", "{24B4A7AD-2B3E-43DC-A7F8-A16C2B402B29}"
EndProject
Project("{FAE04EC0-301F-11D3-BF4B-00C04F79EFBC}") = "CriGes.Modules.Platform.Application.Tests", "tests\Platform\CriGes.Modules.Platform.Application.Tests\CriGes.Modules.Platform.Application.Tests.csproj", "{535897A8-A928-4407-B08E-80094C767F33}"
EndProject
Project("{FAE04EC0-301F-11D3-BF4B-00C04F79EFBC}") = "CriGes.Modules.Platform.IntegrationTests", "tests\Platform\CriGes.Modules.Platform.IntegrationTests\CriGes.Modules.Platform.IntegrationTests.csproj", "{75BCA09F-BE1D-4D37-A5A1-01DDE371D5C2}"
EndProject
Project("{FAE04EC0-301F-11D3-BF4B-00C04F79EFBC}") = "CriGes.Modules.Platform.ContractTests", "tests\Platform\CriGes.Modules.Platform.ContractTests\CriGes.Modules.Platform.ContractTests.csproj", "{9BDB8456-C93C-4FFC-9368-9E1AE99B6145}"
EndProject
Project("{2150E333-8FDC-42A3-9474-1A3956D46DE8}") = "EndToEnd", "EndToEnd", "{0ED123F8-24C7-46A6-89FE-688A7BDB6549}"
EndProject
Project("{FAE04EC0-301F-11D3-BF4B-00C04F79EFBC}") = "CriGes.Desktop.EndToEndTests", "tests\EndToEnd\CriGes.Desktop.EndToEndTests\CriGes.Desktop.EndToEndTests.csproj", "{08671B60-F1EF-4054-AB54-5CB6D4C16D7E}"
EndProject
Global
	GlobalSection(SolutionConfigurationPlatforms) = preSolution
		Debug|Any CPU = Debug|Any CPU
		Release|Any CPU = Release|Any CPU
	EndGlobalSection
	GlobalSection(SolutionProperties) = preSolution
		HideSolutionNode = FALSE
	EndGlobalSection
	GlobalSection(ProjectConfigurationPlatforms) = postSolution
		{BA0265FA-D718-4CB4-87D6-BA291B5B68FA}.Debug|Any CPU.ActiveCfg = Debug|Any CPU
		{BA0265FA-D718-4CB4-87D6-BA291B5B68FA}.Debug|Any CPU.Build.0 = Debug|Any CPU
		{BA0265FA-D718-4CB4-87D6-BA291B5B68FA}.Release|Any CPU.ActiveCfg = Release|Any CPU
		{BA0265FA-D718-4CB4-87D6-BA291B5B68FA}.Release|Any CPU.Build.0 = Release|Any CPU
		{B6917129-DD19-4AF3-B35E-2C7667AB5EA8}.Debug|Any CPU.ActiveCfg = Debug|Any CPU
		{B6917129-DD19-4AF3-B35E-2C7667AB5EA8}.Debug|Any CPU.Build.0 = Debug|Any CPU
		{B6917129-DD19-4AF3-B35E-2C7667AB5EA8}.Release|Any CPU.ActiveCfg = Release|Any CPU
		{B6917129-DD19-4AF3-B35E-2C7667AB5EA8}.Release|Any CPU.Build.0 = Release|Any CPU
		{873BB5A2-4E11-4CC6-9FC4-9C348AFF951E}.Debug|Any CPU.ActiveCfg = Debug|Any CPU
		{873BB5A2-4E11-4CC6-9FC4-9C348AFF951E}.Debug|Any CPU.Build.0 = Debug|Any CPU
		{873BB5A2-4E11-4CC6-9FC4-9C348AFF951E}.Release|Any CPU.ActiveCfg = Release|Any CPU
		{873BB5A2-4E11-4CC6-9FC4-9C348AFF951E}.Release|Any CPU.Build.0 = Release|Any CPU
		{A743EC44-15ED-4E3C-B556-9856EC680DFE}.Debug|Any CPU.ActiveCfg = Debug|Any CPU
		{A743EC44-15ED-4E3C-B556-9856EC680DFE}.Debug|Any CPU.Build.0 = Debug|Any CPU
		{A743EC44-15ED-4E3C-B556-9856EC680DFE}.Release|Any CPU.ActiveCfg = Release|Any CPU
		{A743EC44-15ED-4E3C-B556-9856EC680DFE}.Release|Any CPU.Build.0 = Release|Any CPU
		{80563CD2-1985-4DB5-A93B-2F1B3B5CC547}.Debug|Any CPU.ActiveCfg = Debug|Any CPU
		{80563CD2-1985-4DB5-A93B-2F1B3B5CC547}.Debug|Any CPU.Build.0 = Debug|Any CPU
		{80563CD2-1985-4DB5-A93B-2F1B3B5CC547}.Release|Any CPU.ActiveCfg = Release|Any CPU
		{80563CD2-1985-4DB5-A93B-2F1B3B5CC547}.Release|Any CPU.Build.0 = Release|Any CPU
		{5E122790-5D39-456E-BDD1-997C538D3CA1}.Debug|Any CPU.ActiveCfg = Debug|Any CPU
		{5E122790-5D39-456E-BDD1-997C538D3CA1}.Debug|Any CPU.Build.0 = Debug|Any CPU
		{5E122790-5D39-456E-BDD1-997C538D3CA1}.Release|Any CPU.ActiveCfg = Release|Any CPU
		{5E122790-5D39-456E-BDD1-997C538D3CA1}.Release|Any CPU.Build.0 = Release|Any CPU
		{ADA42FAF-596B-4240-9672-EB48F48AE0DA}.Debug|Any CPU.ActiveCfg = Debug|Any CPU
		{ADA42FAF-596B-4240-9672-EB48F48AE0DA}.Debug|Any CPU.Build.0 = Debug|Any CPU
		{ADA42FAF-596B-4240-9672-EB48F48AE0DA}.Release|Any CPU.ActiveCfg = Release|Any CPU
		{ADA42FAF-596B-4240-9672-EB48F48AE0DA}.Release|Any CPU.Build.0 = Release|Any CPU
		{2472691A-A689-4F4F-B81F-8940981BBBD3}.Debug|Any CPU.ActiveCfg = Debug|Any CPU
		{2472691A-A689-4F4F-B81F-8940981BBBD3}.Debug|Any CPU.Build.0 = Debug|Any CPU
		{2472691A-A689-4F4F-B81F-8940981BBBD3}.Release|Any CPU.ActiveCfg = Release|Any CPU
		{2472691A-A689-4F4F-B81F-8940981BBBD3}.Release|Any CPU.Build.0 = Release|Any CPU
		{F6BBC9DB-79F3-4230-8135-7BC7D8FED188}.Debug|Any CPU.ActiveCfg = Debug|Any CPU
		{F6BBC9DB-79F3-4230-8135-7BC7D8FED188}.Debug|Any CPU.Build.0 = Debug|Any CPU
		{F6BBC9DB-79F3-4230-8135-7BC7D8FED188}.Release|Any CPU.ActiveCfg = Release|Any CPU
		{F6BBC9DB-79F3-4230-8135-7BC7D8FED188}.Release|Any CPU.Build.0 = Release|Any CPU
		{5A2C80D2-89AA-443E-A48E-7D641975FE5A}.Debug|Any CPU.ActiveCfg = Debug|Any CPU
		{5A2C80D2-89AA-443E-A48E-7D641975FE5A}.Debug|Any CPU.Build.0 = Debug|Any CPU
		{5A2C80D2-89AA-443E-A48E-7D641975FE5A}.Release|Any CPU.ActiveCfg = Release|Any CPU
		{5A2C80D2-89AA-443E-A48E-7D641975FE5A}.Release|Any CPU.Build.0 = Release|Any CPU
		{9018BC32-DDB7-4C6B-9FEC-27AC88AC4147}.Debug|Any CPU.ActiveCfg = Debug|Any CPU
		{9018BC32-DDB7-4C6B-9FEC-27AC88AC4147}.Debug|Any CPU.Build.0 = Debug|Any CPU
		{9018BC32-DDB7-4C6B-9FEC-27AC88AC4147}.Release|Any CPU.ActiveCfg = Release|Any CPU
		{9018BC32-DDB7-4C6B-9FEC-27AC88AC4147}.Release|Any CPU.Build.0 = Release|Any CPU
		{903DD705-E2D6-4141-9A58-A453D6D67679}.Debug|Any CPU.ActiveCfg = Debug|Any CPU
		{903DD705-E2D6-4141-9A58-A453D6D67679}.Debug|Any CPU.Build.0 = Debug|Any CPU
		{903DD705-E2D6-4141-9A58-A453D6D67679}.Release|Any CPU.ActiveCfg = Release|Any CPU
		{903DD705-E2D6-4141-9A58-A453D6D67679}.Release|Any CPU.Build.0 = Release|Any CPU
		{48BFCCFB-676A-4F9B-A9FD-07FEB9D395AF}.Debug|Any CPU.ActiveCfg = Debug|Any CPU
		{48BFCCFB-676A-4F9B-A9FD-07FEB9D395AF}.Debug|Any CPU.Build.0 = Debug|Any CPU
		{48BFCCFB-676A-4F9B-A9FD-07FEB9D395AF}.Release|Any CPU.ActiveCfg = Release|Any CPU
		{48BFCCFB-676A-4F9B-A9FD-07FEB9D395AF}.Release|Any CPU.Build.0 = Release|Any CPU
		{F2A12DE7-DCB5-453B-B7B5-8D7297DE2200}.Debug|Any CPU.ActiveCfg = Debug|Any CPU
		{F2A12DE7-DCB5-453B-B7B5-8D7297DE2200}.Debug|Any CPU.Build.0 = Debug|Any CPU
		{F2A12DE7-DCB5-453B-B7B5-8D7297DE2200}.Release|Any CPU.ActiveCfg = Release|Any CPU
		{F2A12DE7-DCB5-453B-B7B5-8D7297DE2200}.Release|Any CPU.Build.0 = Release|Any CPU
		{035E9568-05A4-4FC9-B66A-95F7B2FACF31}.Debug|Any CPU.ActiveCfg = Debug|Any CPU
		{035E9568-05A4-4FC9-B66A-95F7B2FACF31}.Debug|Any CPU.Build.0 = Debug|Any CPU
		{035E9568-05A4-4FC9-B66A-95F7B2FACF31}.Release|Any CPU.ActiveCfg = Release|Any CPU
		{035E9568-05A4-4FC9-B66A-95F7B2FACF31}.Release|Any CPU.Build.0 = Release|Any CPU
		{24B4A7AD-2B3E-43DC-A7F8-A16C2B402B29}.Debug|Any CPU.ActiveCfg = Debug|Any CPU
		{24B4A7AD-2B3E-43DC-A7F8-A16C2B402B29}.Debug|Any CPU.Build.0 = Debug|Any CPU
		{24B4A7AD-2B3E-43DC-A7F8-A16C2B402B29}.Release|Any CPU.ActiveCfg = Release|Any CPU
		{24B4A7AD-2B3E-43DC-A7F8-A16C2B402B29}.Release|Any CPU.Build.0 = Release|Any CPU
		{535897A8-A928-4407-B08E-80094C767F33}.Debug|Any CPU.ActiveCfg = Debug|Any CPU
		{535897A8-A928-4407-B08E-80094C767F33}.Debug|Any CPU.Build.0 = Debug|Any CPU
		{535897A8-A928-4407-B08E-80094C767F33}.Release|Any CPU.ActiveCfg = Release|Any CPU
		{535897A8-A928-4407-B08E-80094C767F33}.Release|Any CPU.Build.0 = Release|Any CPU
		{75BCA09F-BE1D-4D37-A5A1-01DDE371D5C2}.Debug|Any CPU.ActiveCfg = Debug|Any CPU
		{75BCA09F-BE1D-4D37-A5A1-01DDE371D5C2}.Debug|Any CPU.Build.0 = Debug|Any CPU
		{75BCA09F-BE1D-4D37-A5A1-01DDE371D5C2}.Release|Any CPU.ActiveCfg = Release|Any CPU
		{75BCA09F-BE1D-4D37-A5A1-01DDE371D5C2}.Release|Any CPU.Build.0 = Release|Any CPU
		{9BDB8456-C93C-4FFC-9368-9E1AE99B6145}.Debug|Any CPU.ActiveCfg = Debug|Any CPU
		{9BDB8456-C93C-4FFC-9368-9E1AE99B6145}.Debug|Any CPU.Build.0 = Debug|Any CPU
		{9BDB8456-C93C-4FFC-9368-9E1AE99B6145}.Release|Any CPU.ActiveCfg = Release|Any CPU
		{9BDB8456-C93C-4FFC-9368-9E1AE99B6145}.Release|Any CPU.Build.0 = Release|Any CPU
		{08671B60-F1EF-4054-AB54-5CB6D4C16D7E}.Debug|Any CPU.ActiveCfg = Debug|Any CPU
		{08671B60-F1EF-4054-AB54-5CB6D4C16D7E}.Debug|Any CPU.Build.0 = Debug|Any CPU
		{08671B60-F1EF-4054-AB54-5CB6D4C16D7E}.Release|Any CPU.ActiveCfg = Release|Any CPU
		{08671B60-F1EF-4054-AB54-5CB6D4C16D7E}.Release|Any CPU.Build.0 = Release|Any CPU
	EndGlobalSection
	GlobalSection(NestedProjects) = preSolution
		{C7378A11-AA37-44BE-904B-3A3A45A38D5E} = {5C4E9AC3-9122-4543-9314-C7B6E8C4F251}
		{BA0265FA-D718-4CB4-87D6-BA291B5B68FA} = {C7378A11-AA37-44BE-904B-3A3A45A38D5E}
		{B6917129-DD19-4AF3-B35E-2C7667AB5EA8} = {C7378A11-AA37-44BE-904B-3A3A45A38D5E}
		{873BB5A2-4E11-4CC6-9FC4-9C348AFF951E} = {C7378A11-AA37-44BE-904B-3A3A45A38D5E}
		{30E03186-4B9E-483D-9D67-A6DC678854DD} = {5C4E9AC3-9122-4543-9314-C7B6E8C4F251}
		{A743EC44-15ED-4E3C-B556-9856EC680DFE} = {30E03186-4B9E-483D-9D67-A6DC678854DD}
		{FE67838F-1A36-479C-AA00-0E25E646856C} = {5C4E9AC3-9122-4543-9314-C7B6E8C4F251}
		{80563CD2-1985-4DB5-A93B-2F1B3B5CC547} = {FE67838F-1A36-479C-AA00-0E25E646856C}
		{5E122790-5D39-456E-BDD1-997C538D3CA1} = {FE67838F-1A36-479C-AA00-0E25E646856C}
		{ADA42FAF-596B-4240-9672-EB48F48AE0DA} = {FE67838F-1A36-479C-AA00-0E25E646856C}
		{2472691A-A689-4F4F-B81F-8940981BBBD3} = {FE67838F-1A36-479C-AA00-0E25E646856C}
		{E54C2875-4D5B-43F2-9AD7-75A527902E8E} = {5C4E9AC3-9122-4543-9314-C7B6E8C4F251}
		{1B0DF981-3776-49F4-9419-D8EA00713B8D} = {E54C2875-4D5B-43F2-9AD7-75A527902E8E}
		{F6BBC9DB-79F3-4230-8135-7BC7D8FED188} = {1B0DF981-3776-49F4-9419-D8EA00713B8D}
		{5A2C80D2-89AA-443E-A48E-7D641975FE5A} = {1B0DF981-3776-49F4-9419-D8EA00713B8D}
		{9018BC32-DDB7-4C6B-9FEC-27AC88AC4147} = {1B0DF981-3776-49F4-9419-D8EA00713B8D}
		{903DD705-E2D6-4141-9A58-A453D6D67679} = {1B0DF981-3776-49F4-9419-D8EA00713B8D}
		{48BFCCFB-676A-4F9B-A9FD-07FEB9D395AF} = {1B0DF981-3776-49F4-9419-D8EA00713B8D}
		{8521B7C6-84C6-45E4-8D0A-EE897889FACB} = {B371699B-3683-40EE-9B18-DC99ACDA10D0}
		{F2A12DE7-DCB5-453B-B7B5-8D7297DE2200} = {8521B7C6-84C6-45E4-8D0A-EE897889FACB}
		{B983BF3F-48EE-4C00-9FD9-F55D0031829D} = {B371699B-3683-40EE-9B18-DC99ACDA10D0}
		{035E9568-05A4-4FC9-B66A-95F7B2FACF31} = {B983BF3F-48EE-4C00-9FD9-F55D0031829D}
		{52A4033A-F520-4E3B-8232-CAF950D3633A} = {B371699B-3683-40EE-9B18-DC99ACDA10D0}
		{24B4A7AD-2B3E-43DC-A7F8-A16C2B402B29} = {52A4033A-F520-4E3B-8232-CAF950D3633A}
		{535897A8-A928-4407-B08E-80094C767F33} = {52A4033A-F520-4E3B-8232-CAF950D3633A}
		{75BCA09F-BE1D-4D37-A5A1-01DDE371D5C2} = {52A4033A-F520-4E3B-8232-CAF950D3633A}
		{9BDB8456-C93C-4FFC-9368-9E1AE99B6145} = {52A4033A-F520-4E3B-8232-CAF950D3633A}
		{0ED123F8-24C7-46A6-89FE-688A7BDB6549} = {B371699B-3683-40EE-9B18-DC99ACDA10D0}
		{08671B60-F1EF-4054-AB54-5CB6D4C16D7E} = {0ED123F8-24C7-46A6-89FE-688A7BDB6549}
	EndGlobalSection
EndGlobal
